
Microsoft Visual Studio Solution File, Format Version 12.00
# Visual Studio 14
VisualStudioVersion = 14.0.24720.0
MinimumVisualStudioVersion = 10.0.40219.1
Project("{FAE04EC0-301F-11D3-BF4B-00C04F79EFBC}") = "Project.MVC", "Project.MVC\Project.MVC.csproj", "{5D6B6F27-DAF1-453A-90EB-B8079A201456}"
EndProject
Project("{FAE04EC0-301F-11D3-BF4B-00C04F79EFBC}") = "Project.Service", "Project.Service\Project.Service.csproj", "{E7A5B359-A9AB-473A-B691-2C2D7D66F25D}"
EndProject
Global
	GlobalSection(SolutionConfigurationPlatforms) = preSolution
		Debug|Any CPU = Debug|Any CPU
		Release|Any CPU = Release|Any CPU
	EndGlobalSection
	GlobalSection(ProjectConfigurationPlatforms) = postSolution
		{5D6B6F27-DAF1-453A-90EB-B8079A201456}.Debug|Any CPU.ActiveCfg = Debug|Any CPU
		{5D6B6F27-DAF1-453A-90EB-B8079A201456}.Debug|Any CPU.Build.0 = Debug|Any CPU
		{5D6B6F27-DAF1-453A-90EB-B8079A201456}.Release|Any CPU.ActiveCfg = Release|Any CPU
		{5D6B6F27-DAF1-453A-90EB-B8079A201456}.Release|Any CPU.Build.0 = Release|Any CPU
		{E7A5B359-A9AB-473A-B691-2C2D7D66F25D}.Debug|Any CPU.ActiveCfg = Debug|Any CPU
		{E7A5B359-A9AB-473A-B691-2C2D7D66F25D}.Debug|Any CPU.Build.0 = Debug|Any CPU
		{E7A5B359-A9AB-473A-B691-2C2D7D66F25D}.Release|Any CPU.ActiveCfg = Release|Any CPU
		{E7A5B359-A9AB-473A-B691-2C2D7D66F25D}.Release|Any CPU.Build.0 = Release|Any CPU
	EndGlobalSection
	GlobalSection(SolutionProperties) = preSolution
		HideSolutionNode = FALSE
	EndGlobalSection
EndGlobal
